
Microsoft Visual Studio Solution File, Format Version 12.00
# Visual Studio 15
VisualStudioVersion = 15.0.27004.2006
MinimumVisualStudioVersion = 10.0.40219.1
Project("{8BC9CEB8-8B4A-11D0-8D11-00A0C91BC942}") = "string-aufgaben", "string-aufgaben.vcxproj", "{B0EDBA81-A1DB-4A6B-9BCB-6E40DE206ACD}"
EndProject
Global
	GlobalSection(SolutionConfigurationPlatforms) = preSolution
		Debug|x64 = Debug|x64
		Debug|x86 = Debug|x86
		Release|x64 = Release|x64
		Release|x86 = Release|x86
	EndGlobalSection
	GlobalSection(ProjectConfigurationPlatforms) = postSolution
		{B0EDBA81-A1DB-4A6B-9BCB-6E40DE206ACD}.Debug|x64.ActiveCfg = Debug|x64
		{B0EDBA81-A1DB-4A6B-9BCB-6E40DE206ACD}.Debug|x64.Build.0 = Debug|x64
		{B0EDBA81-A1DB-4A6B-9BCB-6E40DE206ACD}.Debug|x86.ActiveCfg = Debug|Win32
		{B0EDBA81-A1DB-4A6B-9BCB-6E40DE206ACD}.Debug|x86.Build.0 = Debug|Win32
		{B0EDBA81-A1DB-4A6B-9BCB-6E40DE206ACD}.Release|x64.ActiveCfg = Release|x64
		{B0EDBA81-A1DB-4A6B-9BCB-6E40DE206ACD}.Release|x64.Build.0 = Release|x64
		{B0EDBA81-A1DB-4A6B-9BCB-6E40DE206ACD}.Release|x86.ActiveCfg = Release|Win32
		{B0EDBA81-A1DB-4A6B-9BCB-6E40DE206ACD}.Release|x86.Build.0 = Release|Win32
	EndGlobalSection
	GlobalSection(SolutionProperties) = preSolution
		HideSolutionNode = FALSE
	EndGlobalSection
	GlobalSection(ExtensibilityGlobals) = postSolution
		SolutionGuid = {BC0A6C4A-FA32-427C-89B9-3F5E462DF124}
	EndGlobalSection
EndGlobal
